uuid: 9c71d6bb-f662-4658-8095-7871ee4b0eb6
langcode: en
status: true
dependencies:
  content:
    - 'block_content:sf_basic:72167602-24f2-4828-9457-edc1ac30da55'
  module:
    - block_content
    - block_style_plugins
  theme:
    - siteden_surface
third_party_settings:
  block_style_plugins:
    collapse:
      collapse: 0
    remove_vertical_heading_bar:
      title_style: 0
id: treatmentresourcesfooterblock
theme: siteden_surface
region: footer_nav
weight: -17
provider: null
plugin: 'block_content:72167602-24f2-4828-9457-edc1ac30da55'
settings:
  id: 'block_content:72167602-24f2-4828-9457-edc1ac30da55'
  label: 'Treatment Resources Footer Block'
  label_display: '0'
  provider: block_content
  status: true
  info: ''
  view_mode: full
visibility: {  }
